PODS:
  - iOSSnapshotTestCase (6.2.0):
    - iOSSnapshotTestCase/SwiftSupport (= 6.2.0)
  - iOSSnapshotTestCase/Core (6.2.0)
  - iOSSnapshotTestCase/SwiftSupport (6.2.0):
    - iOSSnapshotTestCase/Core
  - Nimble (8.1.1)
  - Quick (3.0.0)
  - SwiftLint (0.39.2)

DEPENDENCIES:
  - iOSSnapshotTestCase
  - Nimble
  - Quick
  - SwiftLint

SPEC REPOS:
  trunk:
    - iOSSnapshotTestCase
    - Nimble
    - Quick
    - SwiftLint

SPEC CHECKSUMS:
  iOSSnapshotTestCase: 9ab44cb5aa62b84d31847f40680112e15ec579a6
  Nimble: 5f8a2fb6fa343a7242dfdd9d42f7267419d464b2
  Quick: 6d9559f40647bc4d510103842ef2fdd882d753e2
  SwiftLint: 22ccbbe3b8008684be5955693bab135e0ed6a447

PODFILE CHECKSUM: d2d4b09bb5077b01b0e78b6285fa5e49d89d3526

COCOAPODS: 1.9.3
